
Microsoft Visual Studio Solution File, Format Version 12.00
# Visual Studio Version 17
VisualStudioVersion = 17.4.33205.214
MinimumVisualStudioVersion = 10.0.40219.1
Project("{FAE04EC0-301F-11D3-BF4B-00C04F79EFBC}") = "ConsoleApp42", "ConsoleApp42\ConsoleApp42.csproj", "{DBFA7849-D8D2-4CE1-9A9F-5ECA784BA4D7}"
EndProject
Global
	GlobalSection(SolutionConfigurationPlatforms) = preSolution
		Debug|Any CPU = Debug|Any CPU
		Release|Any CPU = Release|Any CPU
	EndGlobalSection
	GlobalSection(ProjectConfigurationPlatforms) = postSolution
		{DBFA7849-D8D2-4CE1-9A9F-5ECA784BA4D7}.Debug|Any CPU.ActiveCfg = Debug|Any CPU
		{DBFA7849-D8D2-4CE1-9A9F-5ECA784BA4D7}.Debug|Any CPU.Build.0 = Debug|Any CPU
		{DBFA7849-D8D2-4CE1-9A9F-5ECA784BA4D7}.Release|Any CPU.ActiveCfg = Release|Any CPU
		{DBFA7849-D8D2-4CE1-9A9F-5ECA784BA4D7}.Release|Any CPU.Build.0 = Release|Any CPU
	EndGlobalSection
	GlobalSection(SolutionProperties) = preSolution
		HideSolutionNode = FALSE
	EndGlobalSection
	GlobalSection(ExtensibilityGlobals) = postSolution
		SolutionGuid = {0C8C5834-DA5B-4603-BB1E-F744C9C0A801}
	EndGlobalSection
EndGlobal
